# THIS IS AN AUTOGENERATED FILE. DO NOT EDIT THIS FILE DIRECTLY.
# yarn lockfile v1


"@ant-design/colors@^6.0.0":
  version "6.0.0"
  resolved "https://registry.npmjs.org/@ant-design/colors/-/colors-6.0.0.tgz"
  integrity sha512-qAZRvPzfdWHtfameEGP2Qvuf838NhergR35o+EuVyB5XvSA98xod5r4utvi4TJ3ywmevm290g9nsCG5MryrdWQ==
  dependencies:
    "@ctrl/tinycolor" "^3.4.0"

"@ant-design/icons-svg@^4.2.1":
  version "4.2.1"
  resolved "https://registry.npmjs.org/@ant-design/icons-svg/-/icons-svg-4.2.1.tgz"
  integrity sha512-EB0iwlKDGpG93hW8f85CTJTs4SvMX7tt5ceupvhALp1IF44SeUFOMhKUOYqpsoYWQKAOuTRDMqn75rEaKDp0Xw==

"@ant-design/icons-vue@^6.1.0":
  version "6.1.0"
  resolved "https://registry.npmjs.org/@ant-design/icons-vue/-/icons-vue-6.1.0.tgz"
  integrity sha512-EX6bYm56V+ZrKN7+3MT/ubDkvJ5rK/O2t380WFRflDcVFgsvl3NLH7Wxeau6R8DbrO5jWR6DSTC3B6gYFp77AA==
  dependencies:
    "@ant-design/colors" "^6.0.0"
    "@ant-design/icons-svg" "^4.2.1"

"@babel/parser@^7.16.4":
  version "7.17.10"
  resolved "https://registry.npmjs.org/@babel/parser/-/parser-7.17.10.tgz"
  integrity sha512-n2Q6i+fnJqzOaq2VkdXxy2TCPCWQZHiCo0XqmrCvDWcZQKRyZzYi4Z0yxlBuN0w+r2ZHmre+Q087DSrw3pbJDQ==

"@babel/runtime@^7.10.5":
  version "7.18.3"
  resolved "https://registry.npmjs.org/@babel/runtime/-/runtime-7.18.3.tgz"
  integrity sha512-38Y8f7YUhce/K7RMwTp7m0uCumpv9hZkitCbBClqQIow1qSbCvGkcegKOXpEWCQLfWmevgRiWokZ1GkpfhbZug==
  dependencies:
    regenerator-runtime "^0.13.4"

"@bpmn-io/element-templates-validator@^0.8.1":
  version "0.8.1"
  resolved "https://registry.npmjs.org/@bpmn-io/element-templates-validator/-/element-templates-validator-0.8.1.tgz"
  integrity sha512-cJMVYXxQAkntBZ2Brr76AI8D8xXWNS9GI8YM0h5kjkTihfYC+7FfN744RM1RVx8zJqTzOMf8nkS37t95Re4wvA==
  dependencies:
    "@camunda/element-templates-json-schema" "^0.9.1"
    "@camunda/zeebe-element-templates-json-schema" "^0.4.1"
    json-source-map "^0.6.1"
    min-dash "^3.8.1"

"@bpmn-io/extract-process-variables@^0.4.5":
  version "0.4.5"
  resolved "https://registry.npmjs.org/@bpmn-io/extract-process-variables/-/extract-process-variables-0.4.5.tgz"
  integrity sha512-LtHx5b9xqS8avRLrq/uTlKhWzMeV3bWQKIdDic2bdo5n9roitX13GRb01u2S0hSsKDWEhXQtydFYN2b6G7bqfw==
  dependencies:
    min-dash "^3.8.1"

"@bpmn-io/properties-panel@^0.13.2":
  version "0.13.2"
  resolved "https://registry.npmjs.org/@bpmn-io/properties-panel/-/properties-panel-0.13.2.tgz"
  integrity sha512-S0FUjXApQ8V1tW3TkrmuxXkfiMv6WPdeKkc7DD9tzKTHHnT634GY4pafKPPknxYsLGthUiJghqWbuQahqQjz+g==
  dependencies:
    classnames "^2.3.1"
    diagram-js "^8.1.2"
    min-dash "^3.7.0"
    min-dom "^3.1.3"

"@camunda/element-templates-json-schema@^0.9.1":
  version "0.9.1"
  resolved "https://registry.npmjs.org/@camunda/element-templates-json-schema/-/element-templates-json-schema-0.9.1.tgz"
  integrity sha512-hqAOdwf0EdEDughDAfsOWtQQaKx/7m3srVbrUfVZy2Nh2mUc3hyBbkODO4tkMjTKv6I4bw36cyMchzjIEaz4CA==

"@camunda/zeebe-element-templates-json-schema@^0.4.1":
  version "0.4.1"
  resolved "https://registry.npmjs.org/@camunda/zeebe-element-templates-json-schema/-/zeebe-element-templates-json-schema-0.4.1.tgz"
  integrity sha512-FAe7auxm+IJiRB0W68VOjBxih6aOJB/0K3nvjO0TtRdyS+a2X1DIDBDtsQO6g+pJDtW6oij0kC1LiBUvm6FmLw==

"@ctrl/tinycolor@^3.4.0":
  version "3.4.1"
  resolved "https://registry.npmjs.org/@ctrl/tinycolor/-/tinycolor-3.4.1.tgz"
  integrity sha512-ej5oVy6lykXsvieQtqZxCOaLT+xD4+QNarq78cIYISHmZXshCvROLudpQN3lfL8G0NL7plMSSK+zlyvCaIJ4Iw==

"@highlightjs/vue-plugin@^2.1.0":
  version "2.1.0"
  resolved "https://registry.yarnpkg.com/@highlightjs/vue-plugin/-/vue-plugin-2.1.0.tgz#b7c41e3597a46975665b10cad57882cbde1d1594"
  integrity sha512-E+bmk4ncca+hBEYRV2a+1aIzIV0VSY/e5ArjpuSN9IO7wBJrzUE2u4ESCwrbQD7sAy+jWQjkV5qCCWgc+pu7CQ==

"@philippfromme/moddle-helpers@^0.4.1":
  version "0.4.1"
  resolved "https://registry.npmjs.org/@philippfromme/moddle-helpers/-/moddle-helpers-0.4.1.tgz"
  integrity sha512-6ST9WdafFGh/vxeQP4pwFkcGcqIQJ0mtQSrXwoetTLigCXCcP4UXdXxjcIEwWKoXuexXV/2CgFS0CPENSVcwdg==
  dependencies:
    min-dash "^3.8.1"

"@simonwep/pickr@~1.8.0":
  version "1.8.2"
  resolved "https://registry.npmjs.org/@simonwep/pickr/-/pickr-1.8.2.tgz"
  integrity sha512-/l5w8BIkrpP6n1xsetx9MWPWlU6OblN5YgZZphxan0Tq4BByTCETL6lyIeY8lagalS2Nbt4F2W034KHLIiunKA==
  dependencies:
    core-js "^3.15.1"
    nanopop "^2.1.0"

"@vitejs/plugin-vue@^2.3.1":
  version "2.3.2"
  resolved "https://registry.npmjs.org/@vitejs/plugin-vue/-/plugin-vue-2.3.2.tgz"
  integrity sha512-umyypfSHS4kQLdYAnJHhaASq7FRzNCdvcRoQ3uYGNk1/M4a+hXUd7ysN7BLhCrWH6uBokyCkFeUAaFDzSaaSrQ==

"@vue/compiler-core@3.2.31":
  version "3.2.31"
  resolved "https://registry.npmjs.org/@vue/compiler-core/-/compiler-core-3.2.31.tgz"
  integrity sha512-aKno00qoA4o+V/kR6i/pE+aP+esng5siNAVQ422TkBNM6qA4veXiZbSe8OTXHXquEi/f6Akc+nLfB4JGfe4/WQ==
  dependencies:
    "@babel/parser" "^7.16.4"
    "@vue/shared" "3.2.31"
    estree-walker "^2.0.2"
    source-map "^0.6.1"

"@vue/compiler-dom@3.2.31":
  version "3.2.31"
  resolved "https://registry.npmjs.org/@vue/compiler-dom/-/compiler-dom-3.2.31.tgz"
  integrity sha512-60zIlFfzIDf3u91cqfqy9KhCKIJgPeqxgveH2L+87RcGU/alT6BRrk5JtUso0OibH3O7NXuNOQ0cDc9beT0wrg==
  dependencies:
    "@vue/compiler-core" "3.2.31"
    "@vue/shared" "3.2.31"

"@vue/compiler-sfc@3.2.31":
  version "3.2.31"
  resolved "https://registry.npmjs.org/@vue/compiler-sfc/-/compiler-sfc-3.2.31.tgz"
  integrity sha512-748adc9msSPGzXgibHiO6T7RWgfnDcVQD+VVwYgSsyyY8Ans64tALHZANrKtOzvkwznV/F4H7OAod/jIlp/dkQ==
  dependencies:
    "@babel/parser" "^7.16.4"
    "@vue/compiler-core" "3.2.31"
    "@vue/compiler-dom" "3.2.31"
    "@vue/compiler-ssr" "3.2.31"
    "@vue/reactivity-transform" "3.2.31"
    "@vue/shared" "3.2.31"
    estree-walker "^2.0.2"
    magic-string "^0.25.7"
    postcss "^8.1.10"
    source-map "^0.6.1"

"@vue/compiler-ssr@3.2.31":
  version "3.2.31"
  resolved "https://registry.npmjs.org/@vue/compiler-ssr/-/compiler-ssr-3.2.31.tgz"
  integrity sha512-mjN0rqig+A8TVDnsGPYJM5dpbjlXeHUm2oZHZwGyMYiGT/F4fhJf/cXy8QpjnLQK4Y9Et4GWzHn9PS8AHUnSkw==
  dependencies:
    "@vue/compiler-dom" "3.2.31"
    "@vue/shared" "3.2.31"

"@vue/devtools-api@^6.0.0":
  version "6.1.4"
  resolved "https://registry.npmjs.org/@vue/devtools-api/-/devtools-api-6.1.4.tgz"
  integrity sha512-IiA0SvDrJEgXvVxjNkHPFfDx6SXw0b/TUkqMcDZWNg9fnCAHbTpoo59YfJ9QLFkwa3raau5vSlRVzMSLDnfdtQ==

"@vue/reactivity-transform@3.2.31":
  version "3.2.31"
  resolved "https://registry.npmjs.org/@vue/reactivity-transform/-/reactivity-transform-3.2.31.tgz"
  integrity sha512-uS4l4z/W7wXdI+Va5pgVxBJ345wyGFKvpPYtdSgvfJfX/x2Ymm6ophQlXXB6acqGHtXuBqNyyO3zVp9b1r0MOA==
  dependencies:
    "@babel/parser" "^7.16.4"
    "@vue/compiler-core" "3.2.31"
    "@vue/shared" "3.2.31"
    estree-walker "^2.0.2"
    magic-string "^0.25.7"

"@vue/reactivity@3.2.31":
  version "3.2.31"
  resolved "https://registry.npmjs.org/@vue/reactivity/-/reactivity-3.2.31.tgz"
  integrity sha512-HVr0l211gbhpEKYr2hYe7hRsV91uIVGFYNHj73njbARVGHQvIojkImKMaZNDdoDZOIkMsBc9a1sMqR+WZwfSCw==
  dependencies:
    "@vue/shared" "3.2.31"

"@vue/runtime-core@3.2.31":
  version "3.2.31"
  resolved "https://registry.npmjs.org/@vue/runtime-core/-/runtime-core-3.2.31.tgz"
  integrity sha512-Kcog5XmSY7VHFEMuk4+Gap8gUssYMZ2+w+cmGI6OpZWYOEIcbE0TPzzPHi+8XTzAgx1w/ZxDFcXhZeXN5eKWsA==
  dependencies:
    "@vue/reactivity" "3.2.31"
    "@vue/shared" "3.2.31"

"@vue/runtime-dom@3.2.31":
  version "3.2.31"
  resolved "https://registry.npmjs.org/@vue/runtime-dom/-/runtime-dom-3.2.31.tgz"
  integrity sha512-N+o0sICVLScUjfLG7u9u5XCjvmsexAiPt17GNnaWHJUfsKed5e85/A3SWgKxzlxx2SW/Hw7RQxzxbXez9PtY3g==
  dependencies:
    "@vue/runtime-core" "3.2.31"
    "@vue/shared" "3.2.31"
    csstype "^2.6.8"

"@vue/server-renderer@3.2.31":
  version "3.2.31"
  resolved "https://registry.npmjs.org/@vue/server-renderer/-/server-renderer-3.2.31.tgz"
  integrity sha512-8CN3Zj2HyR2LQQBHZ61HexF5NReqngLT3oahyiVRfSSvak+oAvVmu8iNLSu6XR77Ili2AOpnAt1y8ywjjqtmkg==
  dependencies:
    "@vue/compiler-ssr" "3.2.31"
    "@vue/shared" "3.2.31"

"@vue/shared@3.2.31":
  version "3.2.31"
  resolved "https://registry.npmjs.org/@vue/shared/-/shared-3.2.31.tgz"
  integrity sha512-ymN2pj6zEjiKJZbrf98UM2pfDd6F2H7ksKw7NDt/ZZ1fh5Ei39X5tABugtT03ZRlWd9imccoK0hE8hpjpU7irQ==

"@xmldom/xmldom@^0.7.4":
  version "0.7.5"
  resolved "https://registry.yarnpkg.com/@xmldom/xmldom/-/xmldom-0.7.5.tgz#09fa51e356d07d0be200642b0e4f91d8e6dd408d"
  integrity sha512-V3BIhmY36fXZ1OtVcI9W+FxQqxVLsPKcNjWigIaa81dLC9IolJl5Mt4Cvhmr0flUnjSpTdrbMTSbXqYqV5dT6A==

ant-design-vue@^3.2.3:
  version "3.2.7"
  resolved "https://registry.npmjs.org/ant-design-vue/-/ant-design-vue-3.2.7.tgz"
  integrity sha512-+29ATxnVUgvIYxz2BAYwkEr9oBYmdzqMKijgq9woV+lqjhYaRkcTZl6h8VDU/iiVstcH3yYdKJbrqGJjl6ktSg==
  dependencies:
    "@ant-design/colors" "^6.0.0"
    "@ant-design/icons-vue" "^6.1.0"
    "@babel/runtime" "^7.10.5"
    "@ctrl/tinycolor" "^3.4.0"
    "@simonwep/pickr" "~1.8.0"
    array-tree-filter "^2.1.0"
    async-validator "^4.0.0"
    dayjs "^1.10.5"
    dom-align "^1.12.1"
    dom-scroll-into-view "^2.0.0"
    lodash "^4.17.21"
    lodash-es "^4.17.15"
    resize-observer-polyfill "^1.5.1"
    scroll-into-view-if-needed "^2.2.25"
    shallow-equal "^1.0.0"
    vue-types "^3.0.0"
    warning "^4.0.0"

array-move@^3.0.1:
  version "3.0.1"
  resolved "https://registry.npmjs.org/array-move/-/array-move-3.0.1.tgz"
  integrity sha512-H3Of6NIn2nNU1gsVDqDnYKY/LCdWvCMMOWifNGhKcVQgiZ6nOek39aESOvro6zmueP07exSl93YLvkN4fZOkSg==

array-tree-filter@^2.1.0:
  version "2.1.0"
  resolved "https://registry.npmjs.org/array-tree-filter/-/array-tree-filter-2.1.0.tgz"
  integrity sha512-4ROwICNlNw/Hqa9v+rk5h22KjmzB1JGTMVKP2AKJBOCgb0yL0ASf0+YvCcLNNwquOHNX48jkeZIJ3a+oOQqKcw==

async-validator@^4.0.0:
  version "4.1.1"
  resolved "https://registry.npmjs.org/async-validator/-/async-validator-4.1.1.tgz"
  integrity sha512-p4DO/JXwjs8klJyJL8Q2oM4ks5fUTze/h5k10oPPKMiLe1fj3G1QMzPHNmN1Py4ycOk7WlO2DcGXv1qiESJCZA==

asynckit@^0.4.0:
  version "0.4.0"
  resolved "https://registry.npmjs.org/asynckit/-/asynckit-0.4.0.tgz"
  integrity sha512-Oei9OH4tRh0YqU3GxhX79dM/mwVgvbZJaSNaRk+bshkj0S5cfHcgYakreBjrHwatXKbz+IoIdYLxrKim2MjW0Q==

axios@^0.27.2:
  version "0.27.2"
  resolved "https://registry.npmjs.org/axios/-/axios-0.27.2.tgz"
  integrity sha512-t+yRIyySRTp/wua5xEr+z1q60QmLq8ABsS5O9Me1AsE5dfKqgnCFzwiCZZ/cGNd1lq4/7akDWMxdhVlucjmnOQ==
  dependencies:
    follow-redirects "^1.14.9"
    form-data "^4.0.0"

bpmn-js-properties-panel@^1.1.1:
  version "1.1.1"
  resolved "https://registry.npmjs.org/bpmn-js-properties-panel/-/bpmn-js-properties-panel-1.1.1.tgz"
  integrity sha512-FIxg3yIeKtYzDFLqI9GzhYBYDh12WtyvHFOSl4bSlDUQJIs31Xe7yobECEZNQ+00XtmtKUK96ikHUti5YydgDQ==
  dependencies:
    "@bpmn-io/element-templates-validator" "^0.8.1"
    "@bpmn-io/extract-process-variables" "^0.4.5"
    "@philippfromme/moddle-helpers" "^0.4.1"
    array-move "^3.0.1"
    classnames "^2.3.1"
    ids "^1.0.0"
    min-dash "^3.8.1"
    min-dom "^3.1.3"
    preact-markup "^2.1.1"
    semver-compare "^1.0.0"

bpmn-js@^9.0.3:
  version "9.0.3"
  resolved "https://registry.npmjs.org/bpmn-js/-/bpmn-js-9.0.3.tgz"
  integrity sha512-Frr0skhc3l5Sw3xj9lPkYm2gotxA2sdqNDh1uWb2P/u8jol0VaJFldlQI0aVwWmoo1ze3VVNJ0qYZs5HdDqt9g==
  dependencies:
    bpmn-moddle "^7.1.2"
    css.escape "^1.5.1"
    diagram-js "^8.2.0"
    diagram-js-direct-editing "^1.6.3"
    ids "^1.0.0"
    inherits "^2.0.4"
    min-dash "^3.5.2"
    min-dom "^3.1.3"
    object-refs "^0.3.0"
    tiny-svg "^2.2.2"

bpmn-moddle@^7.1.2:
  version "7.1.2"
  resolved "https://registry.npmjs.org/bpmn-moddle/-/bpmn-moddle-7.1.2.tgz"
  integrity sha512-Sax4LokRCTqlg26njjULN3ZGtCmwH5gZVUZTRF0jwJk+YpMQhSfSoUECxjNv8OROoLxu8Z+MjdOHIxgvJf7KwA==
  dependencies:
    min-dash "^3.5.2"
    moddle "^5.0.2"
    moddle-xml "^9.0.5"

call-bind@^1.0.0:
  version "1.0.2"
  resolved "https://registry.npmjs.org/call-bind/-/call-bind-1.0.2.tgz"
  integrity sha512-7O+FbCihrB5WGbFYesctwmTKae6rOiIzmz1icreWJ+0aA7LJfuqhEso2T9ncpcFtzMQtzXf2QGGueWJGTYsqrA==
  dependencies:
    function-bind "^1.1.1"
    get-intrinsic "^1.0.2"

camunda-bpmn-moddle@^6.1.2:
  version "6.1.2"
  resolved "https://registry.npmjs.org/camunda-bpmn-moddle/-/camunda-bpmn-moddle-6.1.2.tgz"
  integrity sha512-DfhOTeq8oN01cB5sLE6Rq34/9xGD15/Y14pEM+YBIjgvV6Rclh+BgIa/2aRMm8An4Kc/itm2tECYiDr8p/FyTQ==
  dependencies:
    min-dash "^3.8.1"

classnames@^2.3.1:
  version "2.3.1"
  resolved "https://registry.npmjs.org/classnames/-/classnames-2.3.1.tgz"
  integrity sha512-OlQdbZ7gLfGarSqxesMesDa5uz7KFbID8Kpq/SxIoNGDqY8lSYs0D+hhtBXhcdB3rcbXArFr7vlHheLk1voeNA==

combined-stream@^1.0.8:
  version "1.0.8"
  resolved "https://registry.npmjs.org/combined-stream/-/combined-stream-1.0.8.tgz"
  integrity sha512-FQN4MRfuJeHf7cBbBMJFXhKSDq+2kAArBlmRBvcvFE5BB1HZKXtSFASDhdlz9zOYwxh8lDdnvmMOe/+5cdoEdg==
  dependencies:
    delayed-stream "~1.0.0"

component-event@^0.1.4:
  version "0.1.4"
  resolved "https://registry.npmjs.org/component-event/-/component-event-0.1.4.tgz"
  integrity sha1-PeePwoeCOBeH4kvyp8U2vwFCybQ=

compute-scroll-into-view@^1.0.17:
  version "1.0.17"
  resolved "https://registry.npmjs.org/compute-scroll-into-view/-/compute-scroll-into-view-1.0.17.tgz"
  integrity sha512-j4dx+Fb0URmzbwwMUrhqWM2BEWHdFGx+qZ9qqASHRPqvTYdqvWnHg0H1hIbcyLnvgnoNAVMlwkepyqM3DaIFUg==

core-js@^3.15.1:
  version "3.23.0"
  resolved "https://registry.npmjs.org/core-js/-/core-js-3.23.0.tgz"
  integrity sha512-v2/hZoRcRrvQiBoGsHwmRdr+S4oICKcjA6xb2qjVurin6TpcDC1X2CIDa8rdu/d5n8RT/Sdoos2IlnpQ1rXs5A==

css.escape@^1.5.1:
  version "1.5.1"
  resolved "https://registry.npmjs.org/css.escape/-/css.escape-1.5.1.tgz"
  integrity sha1-QuJ9T6BK4y+TGktNQZH6nN3ul8s=

csstype@^2.6.8:
  version "2.6.20"
  resolved "https://registry.npmjs.org/csstype/-/csstype-2.6.20.tgz"
  integrity sha512-/WwNkdXfckNgw6S5R125rrW8ez139lBHWouiBvX8dfMFtcn6V81REDqnH7+CRpRipfYlyU1CmOnOxrmGcFOjeA==

dayjs@^1.10.5:
  version "1.11.3"
  resolved "https://registry.npmjs.org/dayjs/-/dayjs-1.11.3.tgz"
  integrity sha512-xxwlswWOlGhzgQ4TKzASQkUhqERI3egRNqgV4ScR8wlANA/A9tZ7miXa44vTTKEq5l7vWoL5G57bG3zA+Kow0A==

delayed-stream@~1.0.0:
  version "1.0.0"
  resolved "https://registry.npmjs.org/delayed-stream/-/delayed-stream-1.0.0.tgz"
  integrity sha512-ZySD7Nf91aLB0RxL4KGrKHBXl7Eds1DAmEdcoVawXnLD7SDhpNgtuII2aAkg7a7QS41jxPSZ17p4VdGnMHk3MQ==

diagram-js-direct-editing@^1.6.3:
  version "1.6.4"
  resolved "https://registry.npmjs.org/diagram-js-direct-editing/-/diagram-js-direct-editing-1.6.4.tgz"
  integrity sha512-yn5l/Q4jl1QI8CDN1mYSV08/O0srSDl3eM8yOv6ZWVu76Ig3IDUHzIw9tYQaifw0slRYFoLW3AxYNirH0mKakg==
  dependencies:
    min-dash "^3.5.2"
    min-dom "^3.1.3"

diagram-js@^8.1.2, diagram-js@^8.2.0:
  version "8.2.1"
  resolved "https://registry.npmjs.org/diagram-js/-/diagram-js-8.2.1.tgz"
  integrity sha512-R9D4CtRPCXFllGE4P/UTcK3fgYG/0WQfb87Pl7frdfnAbCbjZAM2vU0qgZaBhfU0cmW2OhdDPmEtz89brrOZDA==
  dependencies:
    css.escape "^1.5.1"
    didi "^5.2.1"
    hammerjs "^2.0.1"
    inherits "^2.0.4"
    min-dash "^3.5.2"
    min-dom "^3.1.3"
    object-refs "^0.3.0"
    path-intersection "^2.2.1"
    tiny-svg "^2.2.2"

didi@^5.2.1:
  version "5.2.1"
  resolved "https://registry.npmjs.org/didi/-/didi-5.2.1.tgz"
  integrity sha512-IKNnajUlD4lWMy/Q9Emkk7H1qnzREgY4UyE3IhmOi/9IKua0JYtYldk928bOdt1yNxN8EiOy1sqtSozEYsmjCg==

dom-align@^1.12.1:
  version "1.12.3"
  resolved "https://registry.npmjs.org/dom-align/-/dom-align-1.12.3.tgz"
  integrity sha512-Gj9hZN3a07cbR6zviMUBOMPdWxYhbMI+x+WS0NAIu2zFZmbK8ys9R79g+iG9qLnlCwpFoaB+fKy8Pdv470GsPA==

dom-scroll-into-view@^2.0.0:
  version "2.0.1"
  resolved "https://registry.npmjs.org/dom-scroll-into-view/-/dom-scroll-into-view-2.0.1.tgz"
  integrity sha512-bvVTQe1lfaUr1oFzZX80ce9KLDlZ3iU+XGNE/bz9HnGdklTieqsbmsLHe+rT2XWqopvL0PckkYqN7ksmm5pe3w==

domify@^1.3.1:
  version "1.4.1"
  resolved "https://registry.npmjs.org/domify/-/domify-1.4.1.tgz"
  integrity sha512-x18nuiDHMCZGXr4KJSRMf/TWYtiaRo6RX8KN9fEbW54mvbQ6pieUuerC2ahBg+kEp1wycFj8MPUI0WkIOw5E9w==

esbuild-android-64@0.14.38:
  version "0.14.38"
  resolved "https://registry.yarnpkg.com/esbuild-android-64/-/esbuild-android-64-0.14.38.tgz#5b94a1306df31d55055f64a62ff6b763a47b7f64"
  integrity sha512-aRFxR3scRKkbmNuGAK+Gee3+yFxkTJO/cx83Dkyzo4CnQl/2zVSurtG6+G86EQIZ+w+VYngVyK7P3HyTBKu3nw==

esbuild-android-arm64@0.14.38:
  version "0.14.38"
  resolved "https://registry.yarnpkg.com/esbuild-android-arm64/-/esbuild-android-arm64-0.14.38.tgz#78acc80773d16007de5219ccce544c036abd50b8"
  integrity sha512-L2NgQRWuHFI89IIZIlpAcINy9FvBk6xFVZ7xGdOwIm8VyhX1vNCEqUJO3DPSSy945Gzdg98cxtNt8Grv1CsyhA==

esbuild-darwin-64@0.14.38:
  version "0.14.38"
  resolved "https://registry.yarnpkg.com/esbuild-darwin-64/-/esbuild-darwin-64-0.14.38.tgz#e02b1291f629ebdc2aa46fabfacc9aa28ff6aa46"
  integrity sha512-5JJvgXkX87Pd1Og0u/NJuO7TSqAikAcQQ74gyJ87bqWRVeouky84ICoV4sN6VV53aTW+NE87qLdGY4QA2S7KNA==

esbuild-darwin-arm64@0.14.38:
  version "0.14.38"
  resolved "https://registry.yarnpkg.com/esbuild-darwin-arm64/-/esbuild-darwin-arm64-0.14.38.tgz#01eb6650ec010b18c990e443a6abcca1d71290a9"
  integrity sha512-eqF+OejMI3mC5Dlo9Kdq/Ilbki9sQBw3QlHW3wjLmsLh+quNfHmGMp3Ly1eWm981iGBMdbtSS9+LRvR2T8B3eQ==

esbuild-freebsd-64@0.14.38:
  version "0.14.38"
  resolved "https://registry.yarnpkg.com/esbuild-freebsd-64/-/esbuild-freebsd-64-0.14.38.tgz#790b8786729d4aac7be17648f9ea8e0e16475b5e"
  integrity sha512-epnPbhZUt93xV5cgeY36ZxPXDsQeO55DppzsIgWM8vgiG/Rz+qYDLmh5ts3e+Ln1wA9dQ+nZmVHw+RjaW3I5Ig==

esbuild-freebsd-arm64@0.14.38:
  version "0.14.38"
  resolved "https://registry.yarnpkg.com/esbuild-freebsd-arm64/-/esbuild-freebsd-arm64-0.14.38.tgz#b66340ab28c09c1098e6d9d8ff656db47d7211e6"
  integrity sha512-/9icXUYJWherhk+y5fjPI5yNUdFPtXHQlwP7/K/zg8t8lQdHVj20SqU9/udQmeUo5pDFHMYzcEFfJqgOVeKNNQ==

esbuild-linux-32@0.14.38:
  version "0.14.38"
  resolved "https://registry.yarnpkg.com/esbuild-linux-32/-/esbuild-linux-32-0.14.38.tgz#7927f950986fd39f0ff319e92839455912b67f70"
  integrity sha512-QfgfeNHRFvr2XeHFzP8kOZVnal3QvST3A0cgq32ZrHjSMFTdgXhMhmWdKzRXP/PKcfv3e2OW9tT9PpcjNvaq6g==

esbuild-linux-64@0.14.38:
  version "0.14.38"
  resolved "https://registry.yarnpkg.com/esbuild-linux-64/-/esbuild-linux-64-0.14.38.tgz#4893d07b229d9cfe34a2b3ce586399e73c3ac519"
  integrity sha512-uuZHNmqcs+Bj1qiW9k/HZU3FtIHmYiuxZ/6Aa+/KHb/pFKr7R3aVqvxlAudYI9Fw3St0VCPfv7QBpUITSmBR1Q==

esbuild-linux-arm64@0.14.38:
  version "0.14.38"
  resolved "https://registry.yarnpkg.com/esbuild-linux-arm64/-/esbuild-linux-arm64-0.14.38.tgz#8442402e37d0b8ae946ac616784d9c1a2041056a"
  integrity sha512-HlMGZTEsBrXrivr64eZ/EO0NQM8H8DuSENRok9d+Jtvq8hOLzrxfsAT9U94K3KOGk2XgCmkaI2KD8hX7F97lvA==

esbuild-linux-arm@0.14.38:
  version "0.14.38"
  resolved "https://registry.yarnpkg.com/esbuild-linux-arm/-/esbuild-linux-arm-0.14.38.tgz#d5dbf32d38b7f79be0ec6b5fb2f9251fd9066986"
  integrity sha512-FiFvQe8J3VKTDXG01JbvoVRXQ0x6UZwyrU4IaLBZeq39Bsbatd94Fuc3F1RGqPF5RbIWW7RvkVQjn79ejzysnA==

esbuild-linux-mips64le@0.14.38:
  version "0.14.38"
  resolved "https://registry.yarnpkg.com/esbuild-linux-mips64le/-/esbuild-linux-mips64le-0.14.38.tgz#95081e42f698bbe35d8ccee0e3a237594b337eb5"
  integrity sha512-qd1dLf2v7QBiI5wwfil9j0HG/5YMFBAmMVmdeokbNAMbcg49p25t6IlJFXAeLzogv1AvgaXRXvgFNhScYEUXGQ==

esbuild-linux-ppc64le@0.14.38:
  version "0.14.38"
  resolved "https://registry.yarnpkg.com/esbuild-linux-ppc64le/-/esbuild-linux-ppc64le-0.14.38.tgz#dceb0a1b186f5df679618882a7990bd422089b47"
  integrity sha512-mnbEm7o69gTl60jSuK+nn+pRsRHGtDPfzhrqEUXyCl7CTOCLtWN2bhK8bgsdp6J/2NyS/wHBjs1x8aBWwP2X9Q==

esbuild-linux-riscv64@0.14.38:
  version "0.14.38"
  resolved "https://registry.yarnpkg.com/esbuild-linux-riscv64/-/esbuild-linux-riscv64-0.14.38.tgz#61fb8edb75f475f9208c4a93ab2bfab63821afd2"
  integrity sha512-+p6YKYbuV72uikChRk14FSyNJZ4WfYkffj6Af0/Tw63/6TJX6TnIKE+6D3xtEc7DeDth1fjUOEqm+ApKFXbbVQ==

esbuild-linux-s390x@0.14.38:
  version "0.14.38"
  resolved "https://registry.yarnpkg.com/esbuild-linux-s390x/-/esbuild-linux-s390x-0.14.38.tgz#34c7126a4937406bf6a5e69100185fd702d12fe0"
  integrity sha512-0zUsiDkGJiMHxBQ7JDU8jbaanUY975CdOW1YDrurjrM0vWHfjv9tLQsW9GSyEb/heSK1L5gaweRjzfUVBFoybQ==

esbuild-netbsd-64@0.14.38:
  version "0.14.38"
  resolved "https://registry.yarnpkg.com/esbuild-netbsd-64/-/esbuild-netbsd-64-0.14.38.tgz#322ea9937d9e529183ee281c7996b93eb38a5d95"
  integrity sha512-cljBAApVwkpnJZfnRVThpRBGzCi+a+V9Ofb1fVkKhtrPLDYlHLrSYGtmnoTVWDQdU516qYI8+wOgcGZ4XIZh0Q==

esbuild-openbsd-64@0.14.38:
  version "0.14.38"
  resolved "https://registry.yarnpkg.com/esbuild-openbsd-64/-/esbuild-openbsd-64-0.14.38.tgz#1ca29bb7a2bf09592dcc26afdb45108f08a2cdbd"
  integrity sha512-CDswYr2PWPGEPpLDUO50mL3WO/07EMjnZDNKpmaxUPsrW+kVM3LoAqr/CE8UbzugpEiflYqJsGPLirThRB18IQ==

esbuild-sunos-64@0.14.38:
  version "0.14.38"
  resolved "https://registry.yarnpkg.com/esbuild-sunos-64/-/esbuild-sunos-64-0.14.38.tgz#c9446f7d8ebf45093e7bb0e7045506a88540019b"
  integrity sha512-2mfIoYW58gKcC3bck0j7lD3RZkqYA7MmujFYmSn9l6TiIcAMpuEvqksO+ntBgbLep/eyjpgdplF7b+4T9VJGOA==

esbuild-windows-32@0.14.38:
  version "0.14.38"
  resolved "https://registry.yarnpkg.com/esbuild-windows-32/-/esbuild-windows-32-0.14.38.tgz#f8e9b4602fd0ccbd48e5c8d117ec0ba4040f2ad1"
  integrity sha512-L2BmEeFZATAvU+FJzJiRLFUP+d9RHN+QXpgaOrs2klshoAm1AE6Us4X6fS9k33Uy5SzScn2TpcgecbqJza1Hjw==

esbuild-windows-64@0.14.38:
  version "0.14.38"
  resolved "https://registry.npmjs.org/esbuild-windows-64/-/esbuild-windows-64-0.14.38.tgz"
  integrity sha512-Khy4wVmebnzue8aeSXLC+6clo/hRYeNIm0DyikoEqX+3w3rcvrhzpoix0S+MF9vzh6JFskkIGD7Zx47ODJNyCw==

esbuild-windows-arm64@0.14.38:
  version "0.14.38"
  resolved "https://registry.yarnpkg.com/esbuild-windows-arm64/-/esbuild-windows-arm64-0.14.38.tgz#d97e9ac0f95a4c236d9173fa9f86c983d6a53f54"
  integrity sha512-k3FGCNmHBkqdJXuJszdWciAH77PukEyDsdIryEHn9cKLQFxzhT39dSumeTuggaQcXY57UlmLGIkklWZo2qzHpw==

esbuild@^0.14.27:
  version "0.14.38"
  resolved "https://registry.npmjs.org/esbuild/-/esbuild-0.14.38.tgz"
  integrity sha512-12fzJ0fsm7gVZX1YQ1InkOE5f9Tl7cgf6JPYXRJtPIoE0zkWAbHdPHVPPaLi9tYAcEBqheGzqLn/3RdTOyBfcA==
  optionalDependencies:
    esbuild-android-64 "0.14.38"
    esbuild-android-arm64 "0.14.38"
    esbuild-darwin-64 "0.14.38"
    esbuild-darwin-arm64 "0.14.38"
    esbuild-freebsd-64 "0.14.38"
    esbuild-freebsd-arm64 "0.14.38"
    esbuild-linux-32 "0.14.38"
    esbuild-linux-64 "0.14.38"
    esbuild-linux-arm "0.14.38"
    esbuild-linux-arm64 "0.14.38"
    esbuild-linux-mips64le "0.14.38"
    esbuild-linux-ppc64le "0.14.38"
    esbuild-linux-riscv64 "0.14.38"
    esbuild-linux-s390x "0.14.38"
    esbuild-netbsd-64 "0.14.38"
    esbuild-openbsd-64 "0.14.38"
    esbuild-sunos-64 "0.14.38"
    esbuild-windows-32 "0.14.38"
    esbuild-windows-64 "0.14.38"
    esbuild-windows-arm64 "0.14.38"

estree-walker@^2.0.2:
  version "2.0.2"
  resolved "https://registry.npmjs.org/estree-walker/-/estree-walker-2.0.2.tgz"
  integrity sha512-Rfkk/Mp/DL7JVje3u18FxFujQlTNR2q6QfMSMB7AvCBx91NGj/ba3kCfza0f6dVDbw7YlRf/nDrn7pQrCCyQ/w==

follow-redirects@^1.14.9:
  version "1.15.1"
  resolved "https://registry.npmjs.org/follow-redirects/-/follow-redirects-1.15.1.tgz"
  integrity sha512-yLAMQs+k0b2m7cVxpS1VKJVvoz7SS9Td1zss3XRwXj+ZDH00RJgnuLx7E44wx02kQLrdM3aOOy+FpzS7+8OizA==

form-data@^4.0.0:
  version "4.0.0"
  resolved "https://registry.npmjs.org/form-data/-/form-data-4.0.0.tgz"
  integrity sha512-ETEklSGi5t0QMZuiXoA/Q6vcnxcLQP5vdugSpuAyi6SVGi2clPPp+xgEhuMaHC+zGgn31Kd235W35f7Hykkaww==
  dependencies:
    asynckit "^0.4.0"
    combined-stream "^1.0.8"
    mime-types "^2.1.12"

fsevents@~2.3.2:
  version "2.3.2"
  resolved "https://registry.yarnpkg.com/fsevents/-/fsevents-2.3.2.tgz#8a526f78b8fdf4623b709e0b975c52c24c02fd1a"
  integrity sha512-xiqMQR4xAeHTuB9uWm+fFRcIOgKBMiOBP+eXiyT7jsgVCq1bkVygt00oASowB7EdtpOHaaPgKt812P9ab+DDKA==

function-bind@^1.1.1:
  version "1.1.1"
  resolved "https://registry.npmjs.org/function-bind/-/function-bind-1.1.1.tgz"
  integrity sha512-yIovAzMX49sF8Yl58fSCWJ5svSLuaibPxXQJFLmBObTuCr0Mf1KiPopGM9NiFjiYBCbfaa2Fh6breQ6ANVTI0A==

get-intrinsic@^1.0.2:
  version "1.1.2"
  resolved "https://registry.npmjs.org/get-intrinsic/-/get-intrinsic-1.1.2.tgz"
  integrity sha512-Jfm3OyCxHh9DJyc28qGk+JmfkpO41A4XkneDSujN9MDXrm4oDKdHvndhZ2dN94+ERNfkYJWDclW6k2L/ZGHjXA==
  dependencies:
    function-bind "^1.1.1"
    has "^1.0.3"
    has-symbols "^1.0.3"

hammerjs@^2.0.1:
  version "2.0.8"
  resolved "https://registry.npmjs.org/hammerjs/-/hammerjs-2.0.8.tgz"
  integrity sha1-BO93hiz/K7edMPdpIJWTAiK/YPE=

has-symbols@^1.0.3:
  version "1.0.3"
  resolved "https://registry.npmjs.org/has-symbols/-/has-symbols-1.0.3.tgz"
  integrity sha512-l3LCuF6MgDNwTDKkdYGEihYjt5pRPbEg46rtlmnSPlUbgmB8LOIrKJbYYFBSbnPaJexMKtiPO8hmeRjRz2Td+A==

has@^1.0.3:
  version "1.0.3"
  resolved "https://registry.npmjs.org/has/-/has-1.0.3.tgz"
  integrity sha512-f2dvO0VU6Oej7RkWJGrehjbzMAjFp5/VKPp5tTpWIV4JHHZK1/BxbFRtf/siA2SWTe09caDmVtYYzWEIbBS4zw==
  dependencies:
    function-bind "^1.1.1"

highlight.js@^11.5.1:
  version "11.5.1"
  resolved "https://registry.npmjs.org/highlight.js/-/highlight.js-11.5.1.tgz"
  integrity sha512-LKzHqnxr4CrD2YsNoIf/o5nJ09j4yi/GcH5BnYz9UnVpZdS4ucMgvP61TDty5xJcFGRjnH4DpujkS9bHT3hq0Q==

ids@^1.0.0:
  version "1.0.0"
  resolved "https://registry.npmjs.org/ids/-/ids-1.0.0.tgz"
  integrity sha512-Zvtq1xUto4LttpstyOlFum8lKx+i1OmRfg+6A9drFS9iSZsDPMHG4Sof/qwNR4kCU7jBeWFPrY2ocHxiz7cCRw==

indexof@0.0.1:
  version "0.0.1"
  resolved "https://registry.npmjs.org/indexof/-/indexof-0.0.1.tgz"
  integrity sha1-gtwzbSMrkGIXnQWrMpOmYFn9Q10=

inherits@^2.0.4:
  version "2.0.4"
  resolved "https://registry.npmjs.org/inherits/-/inherits-2.0.4.tgz"
  integrity sha512-k/vGaX4/Yla3WzyMCvTQOXYeIHvqOKtnqBduzTHpzpQZzAskKMhZ2K+EnBiSM9zGSoIFeMpXKxa4dYeZIQqewQ==

is-core-module@^2.8.1:
  version "2.9.0"
  resolved "https://registry.npmjs.org/is-core-module/-/is-core-module-2.9.0.tgz"
  integrity sha512-+5FPy5PnwmO3lvfMb0AsoPaBG+5KHUI0wYFXOtYPnVVVspTFUuMZNfNaNVRt3FZadstu2c8x23vykRW/NBoU6A==
  dependencies:
    has "^1.0.3"

is-plain-object@3.0.1:
  version "3.0.1"
  resolved "https://registry.npmjs.org/is-plain-object/-/is-plain-object-3.0.1.tgz"
  integrity sha512-Xnpx182SBMrr/aBik8y+GuR4U1L9FqMSojwDQwPMmxyC6bvEqly9UBCxhauBF5vNh2gwWJNX6oDV7O+OM4z34g==

"js-tokens@^3.0.0 || ^4.0.0":
  version "4.0.0"
  resolved "https://registry.npmjs.org/js-tokens/-/js-tokens-4.0.0.tgz"
  integrity sha512-RdJUflcE3cUzKiMqQgsCu06FPu9UdIJO0beYbPhHN4k6apgJtifcoCtT9bcxOpYBtpD2kCM6Sbzg4CausW/PKQ==

json-source-map@^0.6.1:
  version "0.6.1"
  resolved "https://registry.npmjs.org/json-source-map/-/json-source-map-0.6.1.tgz"
  integrity sha512-1QoztHPsMQqhDq0hlXY5ZqcEdUzxQEIxgFkKl4WUp2pgShObl+9ovi4kRh2TfvAfxAoHOJ9vIMEqk3k4iex7tg==

lodash-es@^4.17.15:
  version "4.17.21"
  resolved "https://registry.npmjs.org/lodash-es/-/lodash-es-4.17.21.tgz"
  integrity sha512-mKnC+QJ9pWVzv+C4/U3rRsHapFfHvQFoFB92e52xeyGMcX6/OlIl78je1u8vePzYZSkkogMPJ2yjxxsb89cxyw==

lodash@^4.17.21:
  version "4.17.21"
  resolved "https://registry.npmjs.org/lodash/-/lodash-4.17.21.tgz"
  integrity sha512-v2kDEe57lecTulaDIuNTPy3Ry4gLGJ6Z1O3vE1krgXZNrsQ+LFTGHVxVjcXPs17LhbZVGedAJv8XZ1tvj5FvSg==

loose-envify@^1.0.0:
  version "1.4.0"
  resolved "https://registry.npmjs.org/loose-envify/-/loose-envify-1.4.0.tgz"
  integrity sha512-lyuxPGr/Wfhrlem2CL/UcnUc1zcqKAImBDzukY7Y5F/yQiNdko6+fRLevlw1HgMySw7f611UIY408EtxRSoK3Q==
  dependencies:
    js-tokens "^3.0.0 || ^4.0.0"

magic-string@^0.25.7:
  version "0.25.9"
  resolved "https://registry.npmjs.org/magic-string/-/magic-string-0.25.9.tgz"
  integrity sha512-RmF0AsMzgt25qzqqLc1+MbHmhdx0ojF2Fvs4XnOqz2ZOBXzzkEwc/dJQZCYHAn7v1jbVOjAZfK8msRn4BxO4VQ==
  dependencies:
    sourcemap-codec "^1.4.8"

matches-selector@^1.2.0:
  version "1.2.0"
  resolved "https://registry.npmjs.org/matches-selector/-/matches-selector-1.2.0.tgz"
  integrity sha512-c4vLwYWyl+Ji+U43eU/G5FwxWd4ZH0ePUsFs5y0uwD9HUEFBXUQ1zUUan+78IpRD+y4pUfG0nAzNM292K7ItvA==

mime-db@1.52.0:
  version "1.52.0"
  resolved "https://registry.npmjs.org/mime-db/-/mime-db-1.52.0.tgz"
  integrity sha512-sPU4uV7dYlvtWJxwwxHD0PuihVNiE7TyAbQ5SWxDCB9mUYvOgroQOwYQQOKPJ8CIbE+1ETVlOoK1UC2nU3gYvg==

mime-types@^2.1.12:
  version "2.1.35"
  resolved "https://registry.npmjs.org/mime-types/-/mime-types-2.1.35.tgz"
  integrity sha512-ZDY+bPm5zTTF+YpCrAU9nK0UgICYPT0QtT1NZWFv4s++TNkcgVaT0g6+4R2uI4MjQjzysHB1zxuWL50hzaeXiw==
  dependencies:
    mime-db "1.52.0"

min-dash@^3.0.0, min-dash@^3.5.2, min-dash@^3.7.0, min-dash@^3.8.1:
  version "3.8.1"
  resolved "https://registry.npmjs.org/min-dash/-/min-dash-3.8.1.tgz"
  integrity sha512-evumdlmIlg9mbRVPbC4F5FuRhNmcMS5pvuBUbqb1G9v09Ro0ImPEgz5n3khir83lFok1inKqVDjnKEg3GpDxQg==

min-dom@^3.1.3:
  version "3.1.3"
  resolved "https://registry.npmjs.org/min-dom/-/min-dom-3.1.3.tgz"
  integrity sha512-Lbi1NZjLV9Hg6/bEe2Lfk2Fzsv1MwheR61whqTLP+FxLndYo9TxpksEgM5Kr1khjfCtFTMr0waeEfwIpStkRdw==
  dependencies:
    component-event "^0.1.4"
    domify "^1.3.1"
    indexof "0.0.1"
    matches-selector "^1.2.0"

moddle-xml@^9.0.5:
  version "9.0.5"
  resolved "https://registry.npmjs.org/moddle-xml/-/moddle-xml-9.0.5.tgz"
  integrity sha512-1t9N35ZMQZTYZmRDoh1mBVd0XwLB34BkBywNJ0+YlLLYxaDBjFR/I+fqwsY746ayYPBz6yNRg8JpLyFgNF+eHg==
  dependencies:
    min-dash "^3.5.2"
    moddle "^5.0.2"
    saxen "^8.1.2"

moddle@^5.0.2:
  version "5.0.3"
  resolved "https://registry.npmjs.org/moddle/-/moddle-5.0.3.tgz"
  integrity sha512-EjnQkSaZClHMsM3H/guBy9h7AmHUICH0Pf8H1VnnYGUXy2hkZQU4gqEAyHywJzMRAhYX87pXjH2NtyigF7evkA==
  dependencies:
    min-dash "^3.0.0"

nanoid@^3.3.3:
  version "3.3.4"
  resolved "https://registry.npmjs.org/nanoid/-/nanoid-3.3.4.tgz"
  integrity sha512-MqBkQh/OHTS2egovRtLk45wEyNXwF+cokD+1YPf9u5VfJiRdAiRwB2froX5Co9Rh20xs4siNPm8naNotSD6RBw==

nanopop@^2.1.0:
  version "2.1.0"
  resolved "https://registry.npmjs.org/nanopop/-/nanopop-2.1.0.tgz"
  integrity sha512-jGTwpFRexSH+fxappnGQtN9dspgE2ipa1aOjtR24igG0pv6JCxImIAmrLRHX+zUF5+1wtsFVbKyfP51kIGAVNw==

object-inspect@^1.9.0:
  version "1.12.2"
  resolved "https://registry.npmjs.org/object-inspect/-/object-inspect-1.12.2.tgz"
  integrity sha512-z+cPxW0QGUp0mcqcsgQyLVRDoXFQbXOwBaqyF7VIgI4TWNQsDHrBpUQslRmIfAoYWdYzs6UlKJtB2XJpTaNSpQ==

object-refs@^0.3.0:
  version "0.3.0"
  resolved "https://registry.npmjs.org/object-refs/-/object-refs-0.3.0.tgz"
  integrity sha512-eP0ywuoWOaDoiake/6kTJlPJhs+k0qNm4nYRzXLNHj6vh+5M3i9R1epJTdxIPGlhWc4fNRQ7a6XJNCX+/L4FOQ==

path-intersection@^2.2.1:
  version "2.2.1"
  resolved "https://registry.npmjs.org/path-intersection/-/path-intersection-2.2.1.tgz"
  integrity sha512-9u8xvMcSfuOiStv9bPdnRJQhGQXLKurew94n4GPQCdH1nj9QKC9ObbNoIpiRq8skiOBxKkt277PgOoFgAt3/rA==

path-parse@^1.0.7:
  version "1.0.7"
  resolved "https://registry.npmjs.org/path-parse/-/path-parse-1.0.7.tgz"
  integrity sha512-LDJzPVEEEPR+y48z93A0Ed0yXb8pAByGWo/k5YYdYgpY2/2EsOsksJrq7lOHxryrVOn1ejG6oAp8ahvOIQD8sw==

picocolors@^1.0.0:
  version "1.0.0"
  resolved "https://registry.npmjs.org/picocolors/-/picocolors-1.0.0.tgz"
  integrity sha512-1fygroTLlHu66zi26VoTDv8yRgm0Fccecssto+MhsZ0D/DGW2sm8E8AjW7NU5VVTRt5GxbeZ5qBuJr+HyLYkjQ==

postcss@^8.1.10, postcss@^8.4.13:
  version "8.4.13"
  resolved "https://registry.npmjs.org/postcss/-/postcss-8.4.13.tgz"
  integrity sha512-jtL6eTBrza5MPzy8oJLFuUscHDXTV5KcLlqAWHl5q5WYRfnNRGSmOZmOZ1T6Gy7A99mOZfqungmZMpMmCVJ8ZA==
  dependencies:
    nanoid "^3.3.3"
    picocolors "^1.0.0"
    source-map-js "^1.0.2"

preact-markup@^2.1.1:
  version "2.1.1"
  resolved "https://registry.npmjs.org/preact-markup/-/preact-markup-2.1.1.tgz"
  integrity sha512-8JL2p36mzK8XkspOyhBxUSPjYwMxDM0L5BWBZWxsZMVW8WsGQrYQDgVuDKkRspt2hwrle+Cxr/053hpc9BJwfw==

qs@^6.10.5:
  version "6.10.5"
  resolved "https://registry.npmjs.org/qs/-/qs-6.10.5.tgz"
  integrity sha512-O5RlPh0VFtR78y79rgcgKK4wbAI0C5zGVLztOIdpWX6ep368q5Hv6XRxDvXuZ9q3C6v+e3n8UfZZJw7IIG27eQ==
  dependencies:
    side-channel "^1.0.4"

regenerator-runtime@^0.13.4:
  version "0.13.9"
  resolved "https://registry.npmjs.org/regenerator-runtime/-/regenerator-runtime-0.13.9.tgz"
  integrity sha512-p3VT+cOEgxFsRRA9X4lkI1E+k2/CtnKtU4gcxyaCUreilL/vqI6CdZ3wxVUx3UOUg+gnUOQQcRI7BmSI656MYA==

resize-observer-polyfill@^1.5.1:
  version "1.5.1"
  resolved "https://registry.npmjs.org/resize-observer-polyfill/-/resize-observer-polyfill-1.5.1.tgz"
  integrity sha512-LwZrotdHOo12nQuZlHEmtuXdqGoOD0OhaxopaNFxWzInpEgaLWoVuAMbTzixuosCx2nEG58ngzW3vxdWoxIgdg==

resolve@^1.22.0:
  version "1.22.0"
  resolved "https://registry.npmjs.org/resolve/-/resolve-1.22.0.tgz"
  integrity sha512-Hhtrw0nLeSrFQ7phPp4OOcVjLPIeMnRlr5mcnVuMe7M/7eBn98A3hmFRLoFo3DLZkivSYwhRUJTyPyWAk56WLw==
  dependencies:
    is-core-module "^2.8.1"
    path-parse "^1.0.7"
    supports-preserve-symlinks-flag "^1.0.0"

rollup@^2.59.0:
  version "2.72.1"
  resolved "https://registry.npmjs.org/rollup/-/rollup-2.72.1.tgz"
  integrity sha512-NTc5UGy/NWFGpSqF1lFY8z9Adri6uhyMLI6LvPAXdBKoPRFhIIiBUpt+Qg2awixqO3xvzSijjhnb4+QEZwJmxA==
  optionalDependencies:
    fsevents "~2.3.2"

sax@^1.2.4:
  version "1.2.4"
  resolved "https://registry.yarnpkg.com/sax/-/sax-1.2.4.tgz#2816234e2378bddc4e5354fab5caa895df7100d9"
  integrity sha512-NqVDv9TpANUjFm0N8uM5GxL36UgKi9/atZw+x7YFnQ8ckwFGKrl4xX4yWtrey3UJm5nP1kUbnYgLopqWNSRhWw==

saxen@^8.1.2:
  version "8.1.2"
  resolved "https://registry.npmjs.org/saxen/-/saxen-8.1.2.tgz"
  integrity sha512-xUOiiFbc3Ow7p8KMxwsGICPx46ZQvy3+qfNVhrkwfz3Vvq45eGt98Ft5IQaA1R/7Tb5B5MKh9fUR9x3c3nDTxw==

scroll-into-view-if-needed@^2.2.25:
  version "2.2.29"
  resolved "https://registry.npmjs.org/scroll-into-view-if-needed/-/scroll-into-view-if-needed-2.2.29.tgz"
  integrity sha512-hxpAR6AN+Gh53AdAimHM6C8oTN1ppwVZITihix+WqalywBeFcQ6LdQP5ABNl26nX8GTEL7VT+b8lKpdqq65wXg==
  dependencies:
    compute-scroll-into-view "^1.0.17"

semver-compare@^1.0.0:
  version "1.0.0"
  resolved "https://registry.npmjs.org/semver-compare/-/semver-compare-1.0.0.tgz"
  integrity sha1-De4hahyUGrN+nvsXiPavxf9VN/w=

shallow-equal@^1.0.0:
  version "1.2.1"
  resolved "https://registry.npmjs.org/shallow-equal/-/shallow-equal-1.2.1.tgz"
  integrity sha512-S4vJDjHHMBaiZuT9NPb616CSmLf618jawtv3sufLl6ivK8WocjAo58cXwbRV1cgqxH0Qbv+iUt6m05eqEa2IRA==

side-channel@^1.0.4:
  version "1.0.4"
  resolved "https://registry.npmjs.org/side-channel/-/side-channel-1.0.4.tgz"
  integrity sha512-q5XPytqFEIKHkGdiMIrY10mvLRvnQh42/+GoBlFW3b2LXLE2xxJpZFdm94we0BaoV3RwJyGqg5wS7epxTv0Zvw==
  dependencies:
    call-bind "^1.0.0"
    get-intrinsic "^1.0.2"
    object-inspect "^1.9.0"

source-map-js@^1.0.2:
  version "1.0.2"
  resolved "https://registry.npmjs.org/source-map-js/-/source-map-js-1.0.2.tgz"
  integrity sha512-R0XvVJ9WusLiqTCEiGCmICCMplcCkIwwR11mOSD9CR5u+IXYdiseeEuXCVAjS54zqwkLcPNnmU4OeJ6tUrWhDw==

source-map@^0.6.1:
  version "0.6.1"
  resolved "https://registry.npmjs.org/source-map/-/source-map-0.6.1.tgz"
  integrity sha512-UjgapumWlbMhkBgzT7Ykc5YXUT46F0iKu8SGXq0bcwP5dz/h0Plj6enJqjz1Zbq2l5WaqYnrVbwWOWMyF3F47g==

sourcemap-codec@^1.4.8:
  version "1.4.8"
  resolved "https://registry.npmjs.org/sourcemap-codec/-/sourcemap-codec-1.4.8.tgz"
  integrity sha512-9NykojV5Uih4lgo5So5dtw+f0JgJX30KCNI8gwhz2J9A15wD0Ml6tjHKwf6fTSa6fAdVBdZeNOs9eJ71qCk8vA==

supports-preserve-symlinks-flag@^1.0.0:
  version "1.0.0"
  resolved "https://registry.npmjs.org/supports-preserve-symlinks-flag/-/supports-preserve-symlinks-flag-1.0.0.tgz"
  integrity sha512-ot0WnXS9fgdkgIcePe6RHNk1WA8+muPa6cSjeR3V8K27q9BB1rTE3R1p7Hv0z1ZyAc8s6Vvv8DIyWf681MAt0w==

tiny-svg@^2.2.2:
  version "2.2.3"
  resolved "https://registry.npmjs.org/tiny-svg/-/tiny-svg-2.2.3.tgz"
  integrity sha512-u5KGg889pD1W2c9GlLrTnAGzIkAO00/VXZGyzeiGHw+b9er8McLO0SnhxPQQDwDqFO0MrJ825AEsRUoTiDZFuQ==

vite@^2.9.7:
  version "2.9.8"
  resolved "https://registry.npmjs.org/vite/-/vite-2.9.8.tgz"
  integrity sha512-zsBGwn5UT3YS0NLSJ7hnR54+vUKfgzMUh/Z9CxF1YKEBVIe213+63jrFLmZphgGI5zXwQCSmqIdbPuE8NJywPw==
  dependencies:
    esbuild "^0.14.27"
    postcss "^8.4.13"
    resolve "^1.22.0"
    rollup "^2.59.0"
  optionalDependencies:
    fsevents "~2.3.2"

vue-router@^4.0.15:
  version "4.0.15"
  resolved "https://registry.npmjs.org/vue-router/-/vue-router-4.0.15.tgz"
  integrity sha512-xa+pIN9ZqORdIW1MkN2+d9Ui2pCM1b/UMgwYUCZOiFYHAvz/slKKBDha8DLrh5aCG/RibtrpyhKjKOZ85tYyWg==
  dependencies:
    "@vue/devtools-api" "^6.0.0"

vue-types@^3.0.0:
  version "3.0.2"
  resolved "https://registry.npmjs.org/vue-types/-/vue-types-3.0.2.tgz"
  integrity sha512-IwUC0Aq2zwaXqy74h4WCvFCUtoV0iSWr0snWnE9TnU18S66GAQyqQbRf2qfJtUuiFsBf6qp0MEwdonlwznlcrw==
  dependencies:
    is-plain-object "3.0.1"

vue@^3.2.25:
  version "3.2.31"
  resolved "https://registry.npmjs.org/vue/-/vue-3.2.31.tgz"
  integrity sha512-odT3W2tcffTiQCy57nOT93INw1auq5lYLLYtWpPYQQYQOOdHiqFct9Xhna6GJ+pJQaF67yZABraH47oywkJgFw==
  dependencies:
    "@vue/compiler-dom" "3.2.31"
    "@vue/compiler-sfc" "3.2.31"
    "@vue/runtime-dom" "3.2.31"
    "@vue/server-renderer" "3.2.31"
    "@vue/shared" "3.2.31"

warning@^4.0.0:
  version "4.0.3"
  resolved "https://registry.npmjs.org/warning/-/warning-4.0.3.tgz"
  integrity sha512-rpJyN222KWIvHJ/F53XSZv0Zl/accqHR8et1kpaMTD/fLCRxtV8iX8czMzY7sVZupTI3zcUTg8eycS2kNF9l6w==
  dependencies:
    loose-envify "^1.0.0"

x2js@^3.4.3:
  version "3.4.3"
  resolved "https://registry.yarnpkg.com/x2js/-/x2js-3.4.3.tgz#3f57537302ff269ad7043078188bb07bc8088af9"
  integrity sha512-+65+WHCaQ9E0Gb2FDz/tYRSRBGGvFsSMiWDGn8KbgJOLkJhZBMCU1lxuRMLyTcx/54IopT0rDQWCUz2f7FTsyQ==
  dependencies:
    "@xmldom/xmldom" "^0.7.4"

xml-js@^1.6.11:
  version "1.6.11"
  resolved "https://registry.yarnpkg.com/xml-js/-/xml-js-1.6.11.tgz#927d2f6947f7f1c19a316dd8eea3614e8b18f8e9"
  integrity sha512-7rVi2KMfwfWFl+GpPg6m80IVMWXLRjO+PxTq7V2CDhoGak0wzYzFgUY2m4XJ47OGdXd8eLE8EmwfAmdjw7lC1g==
  dependencies:
    sax "^1.2.4"
